
Microsoft Visual Studio Solution File, Format Version 12.00
# Visual Studio Version 17
VisualStudioVersion = 17.7.34202.233
MinimumVisualStudioVersion = 10.0.40219.1
Project("{FAE04EC0-301F-11D3-BF4B-00C04F79EFBC}") = "QuickbaseTask", "QuickbaseTask.csproj", "{00D7442D-7B01-4241-B1F8-2CB5E11FC749}"
EndProject
Project("{FAE04EC0-301F-11D3-BF4B-00C04F79EFBC}") = "Quickbasetask.Test", "..\Quickbasetask.Test\Quickbasetask.Test.csproj", "{E831A041-6261-4712-A6A1-979ECCC4E6C3}"
EndProject
Global
	GlobalSection(SolutionConfigurationPlatforms) = preSolution
		Debug|Any CPU = Debug|Any CPU
		Release|Any CPU = Release|Any CPU
	EndGlobalSection
	GlobalSection(ProjectConfigurationPlatforms) = postSolution
		{00D7442D-7B01-4241-B1F8-2CB5E11FC749}.Debug|Any CPU.ActiveCfg = Debug|Any CPU
		{00D7442D-7B01-4241-B1F8-2CB5E11FC749}.Debug|Any CPU.Build.0 = Debug|Any CPU
		{00D7442D-7B01-4241-B1F8-2CB5E11FC749}.Release|Any CPU.ActiveCfg = Release|Any CPU
		{00D7442D-7B01-4241-B1F8-2CB5E11FC749}.Release|Any CPU.Build.0 = Release|Any CPU
		{E831A041-6261-4712-A6A1-979ECCC4E6C3}.Debug|Any CPU.ActiveCfg = Debug|Any CPU
		{E831A041-6261-4712-A6A1-979ECCC4E6C3}.Debug|Any CPU.Build.0 = Debug|Any CPU
		{E831A041-6261-4712-A6A1-979ECCC4E6C3}.Release|Any CPU.ActiveCfg = Release|Any CPU
		{E831A041-6261-4712-A6A1-979ECCC4E6C3}.Release|Any CPU.Build.0 = Release|Any CPU
	EndGlobalSection
	GlobalSection(SolutionProperties) = preSolution
		HideSolutionNode = FALSE
	EndGlobalSection
	GlobalSection(ExtensibilityGlobals) = postSolution
		SolutionGuid = {4E468400-F9E2-4ACA-9599-F63DFBA93DB6}
	EndGlobalSection
EndGlobal
